<Solution>
  <Folder Name="/Solution Items/">
    <File Path=".github/workflows/netcorelibrary.yml" />
    <File Path=".gitignore" />
    <File Path="LICENSE" />
    <File Path="README.md" />
  </Folder>
  <Folder Name="/src/">
    <Project Path="src/DartSassBuildWatcherTool.Tests/DartSassBuildWatcherTool.Tests.csproj" />
    <Project Path="src/DartSassBuildWatcherTool/DartSassBuildWatcherTool.csproj" />
  </Folder>
</Solution>
